PODS:
  - AudioKit (4.9.3):
    - AudioKit/Core (= 4.9.3)
    - AudioKit/UI (= 4.9.3)
  - AudioKit/Core (4.9.3)
  - AudioKit/UI (4.9.3):
    - AudioKit/Core
  - MIKMIDI (1.7.0)

DEPENDENCIES:
  - AudioKit
  - MIKMIDI

SPEC REPOS:
  trunk:
    - AudioKit
    - MIKMIDI

SPEC CHECKSUMS:
  AudioKit: d025ecbb68f567bba15dab7ea80b8991155729f9
  MIKMIDI: a9192db16687fcf1d2c82b98492b999fa8ede7c6

PODFILE CHECKSUM: 1f2108a5e4ac9054596624db98d7cbbc8ab5db4e

COCOAPODS: 1.16.2
