{
  "originHash" : "46c9caacf6870b081604068471f3f4377ec02a958fdfdf1e6ebdca8304760d38",
  "pins" : [
    {
      "identity" : "reactiveswift",
      "kind" : "remoteSourceControl",
      "location" : "https://github.com/ReactiveCocoa/ReactiveSwift.git",
      "state" : {
        "revision" : "c43bae3dac73fdd3cb906bd5a1914686ca71ed3c",
        "version" : "6.7.0"
      }
    }
  ],
  "version" : 3
}
