// !$*UTF8*$!
{
	archiveVersion = 1;
	classes = {
	};
	objectVersion = 54;
	objects = {

/* Begin PBXBuildFile section */
		2C84CC832ECBCF7039D83E91 /* Pods_NI_MIDI_InterfaceTests.framework in Frameworks */ = {isa = PBXBuildFile; fileRef = F572FEFD745BDE0FF7E4E224 /* Pods_NI_MIDI_InterfaceTests.framework */; };
		38DF972FAA964C204996869B /* Pods_NI_MIDI_Interface.framework in Frameworks */ = {isa = PBXBuildFile; fileRef = 529A2414D484FDAA71C8667A /* Pods_NI_MIDI_Interface.framework */; };
		632B31B3300D76F700442564 /* ReactiveSwift in Frameworks */ = {isa = PBXBuildFile; productRef = 632B31B2300D76F700442564 /* ReactiveSwift */; };
		81012BDE02462914E3438BB7 /* Pods_NI_MIDI_InterfaceUITests.framework in Frameworks */ = {isa = PBXBuildFile; fileRef = 6C8A70DE51ABFBCFDDB9CF11 /* Pods_NI_MIDI_InterfaceUITests.framework */; };
		F026D3ED2463AB7B001FE191 /* MidiDeviceSelectionStruct.swift in Sources */ = {isa = PBXBuildFile; fileRef = F026D3EC2463AB7B001FE191 /* MidiDeviceSelectionStruct.swift */; };
		F026D3EF2463AB90001FE191 /* MidiOutput.swift in Sources */ = {isa = PBXBuildFile; fileRef = F026D3EE2463AB90001FE191 /* MidiOutput.swift */; };
		F026D3F12463ABB3001FE191 /* MidiNote.swift in Sources */ = {isa = PBXBuildFile; fileRef = F026D3F02463ABB3001FE191 /* MidiNote.swift */; };
		F026D3F32463F462001FE191 /* MidiInput.swift in Sources */ = {isa = PBXBuildFile; fileRef = F026D3F22463F462001FE191 /* MidiInput.swift */; };
		F02DA045247B68D40051D912 /* SampleCellPropertyProtocol.swift in Sources */ = {isa = PBXBuildFile; fileRef = F02DA044247B68D40051D912 /* SampleCellPropertyProtocol.swift */; };
		F02DA047247B97310051D912 /* SampleCellLofiData.swift in Sources */ = {isa = PBXBuildFile; fileRef = F02DA046247B97310051D912 /* SampleCellLofiData.swift */; };
		F02DA049247BAC250051D912 /* SampleCellSampleData.swift in Sources */ = {isa = PBXBuildFile; fileRef = F02DA048247BAC250051D912 /* SampleCellSampleData.swift */; };
		F03D88AE2465EE83005A6C05 /* MidiInputInfo.swift in Sources */ = {isa = PBXBuildFile; fileRef = F03D88AD2465EE83005A6C05 /* MidiInputInfo.swift */; };
		F0414C80245A695400B15751 /* MIDI.swift in Sources */ = {isa = PBXBuildFile; fileRef = F0414C7F245A695400B15751 /* MIDI.swift */; };
		F0414C84245A6ADE00B15751 /* MaschineInterface.swift in Sources */ = {isa = PBXBuildFile; fileRef = F0414C83245A6ADE00B15751 /* MaschineInterface.swift */; };
		F0414C87245A801000B15751 /* BatteryCell.swift in Sources */ = {isa = PBXBuildFile; fileRef = F0414C86245A801000B15751 /* BatteryCell.swift */; };
		F043E0DE245A27C80070C193 /* AppDelegate.swift in Sources */ = {isa = PBXBuildFile; fileRef = F043E0DD245A27C80070C193 /* AppDelegate.swift */; };
		F043E0E0245A27C80070C193 /* ViewController.swift in Sources */ = {isa = PBXBuildFile; fileRef = F043E0DF245A27C80070C193 /* ViewController.swift */; };
		F043E0E2245A27CA0070C193 /* Assets.xcassets in Resources */ = {isa = PBXBuildFile; fileRef = F043E0E1245A27CA0070C193 /* Assets.xcassets */; };
		F043E0E5245A27CA0070C193 /* Main.storyboard in Resources */ = {isa = PBXBuildFile; fileRef = F043E0E3245A27CA0070C193 /* Main.storyboard */; };
		F043E0F1245A27CA0070C193 /* NI_MIDI_InterfaceTests.swift in Sources */ = {isa = PBXBuildFile; fileRef = F043E0F0245A27CA0070C193 /* NI_MIDI_InterfaceTests.swift */; };
		F043E0FC245A27CA0070C193 /* NI_MIDI_InterfaceUITests.swift in Sources */ = {isa = PBXBuildFile; fileRef = F043E0FB245A27CA0070C193 /* NI_MIDI_InterfaceUITests.swift */; };
		F051EAD824629BE30023A8CD /* MidiDevice.swift in Sources */ = {isa = PBXBuildFile; fileRef = F051EAD724629BE30023A8CD /* MidiDevice.swift */; };
		F057F89B247A5FF200869F45 /* NI MIDI Interface in Resources */ = {isa = PBXBuildFile; fileRef = F057F89A247A5FF200869F45 /* NI MIDI Interface */; };
		F057F8A1247A64CD00869F45 /* SampleCellAmpEnvelopeData.swift in Sources */ = {isa = PBXBuildFile; fileRef = F057F8A0247A64CD00869F45 /* SampleCellAmpEnvelopeData.swift */; };
		F064D19124655D4E00450FBC /* MidiDeviceSelectionViewController.swift in Sources */ = {isa = PBXBuildFile; fileRef = F064D19024655D4E00450FBC /* MidiDeviceSelectionViewController.swift */; };
		F06CFBFB245B59FA008A8CA2 /* SampleCellPropertyData.swift in Sources */ = {isa = PBXBuildFile; fileRef = F06CFBFA245B59FA008A8CA2 /* SampleCellPropertyData.swift */; };
		F06CFC00245B5D2F008A8CA2 /* WriteableData.swift in Sources */ = {isa = PBXBuildFile; fileRef = F06CFBFC245B5D2E008A8CA2 /* WriteableData.swift */; };
		F06CFC01245B5D2F008A8CA2 /* DataProtocol.swift in Sources */ = {isa = PBXBuildFile; fileRef = F06CFBFD245B5D2E008A8CA2 /* DataProtocol.swift */; };
		F06CFC02245B5D2F008A8CA2 /* ReadableData.swift in Sources */ = {isa = PBXBuildFile; fileRef = F06CFBFE245B5D2F008A8CA2 /* ReadableData.swift */; };
		F06CFC03245B5D2F008A8CA2 /* Typeguard.swift in Sources */ = {isa = PBXBuildFile; fileRef = F06CFBFF245B5D2F008A8CA2 /* Typeguard.swift */; };
		F06CFC05245B5DB2008A8CA2 /* Error.swift in Sources */ = {isa = PBXBuildFile; fileRef = F06CFC04245B5DB2008A8CA2 /* Error.swift */; };
		F06CFC07245B6D5C008A8CA2 /* TypeguardExtension.swift in Sources */ = {isa = PBXBuildFile; fileRef = F06CFC06245B6D5C008A8CA2 /* TypeguardExtension.swift */; };
		F06CFC09245B7C32008A8CA2 /* SampleCellDataMIDICCExtension.swift in Sources */ = {isa = PBXBuildFile; fileRef = F06CFC08245B7C32008A8CA2 /* SampleCellDataMIDICCExtension.swift */; };
		F06CFC45245BF0E6008A8CA2 /* Document.swift in Sources */ = {isa = PBXBuildFile; fileRef = F06CFC44245BF0E6008A8CA2 /* Document.swift */; };
		F06CFC48245BF897008A8CA2 /* DocumentData.swift in Sources */ = {isa = PBXBuildFile; fileRef = F06CFC47245BF897008A8CA2 /* DocumentData.swift */; };
		F073FA8B248B4FF9003CB0E7 /* Speed.swift in Sources */ = {isa = PBXBuildFile; fileRef = F073FA8A248B4FF9003CB0E7 /* Speed.swift */; };
		F079A298245D565200E62118 /* MidiControllerChange.swift in Sources */ = {isa = PBXBuildFile; fileRef = F079A297245D565200E62118 /* MidiControllerChange.swift */; };
		F079A29A245D56BF00E62118 /* MidiTypeAliases.swift in Sources */ = {isa = PBXBuildFile; fileRef = F079A299245D56BF00E62118 /* MidiTypeAliases.swift */; };
		F0C67658245AC89D00D1A9EE /* MidiCCInterface.swift in Sources */ = {isa = PBXBuildFile; fileRef = F0C67657245AC89D00D1A9EE /* MidiCCInterface.swift */; };
		F0CCD78624675445004D0CDF /* SampleCellData.swift in Sources */ = {isa = PBXBuildFile; fileRef = F0CCD78524675445004D0CDF /* SampleCellData.swift */; };
		F0F6E6B9246670FF006BC9CC /* SampleCellStateData.swift in Sources */ = {isa = PBXBuildFile; fileRef = F0F6E6B8246670FF006BC9CC /* SampleCellStateData.swift */; };
		F0F6E6BB2466749F006BC9CC /* Pitch.swift in Sources */ = {isa = PBXBuildFile; fileRef = F0F6E6BA2466749F006BC9CC /* Pitch.swift */; };
		F0F6E6BD24669106006BC9CC /* MidiCCValueMap.swift in Sources */ = {isa = PBXBuildFile; fileRef = F0F6E6BC24669106006BC9CC /* MidiCCValueMap.swift */; };
		F0F6E6BF2466BD75006BC9CC /* MidiOutputSelectionViewController.swift in Sources */ = {isa = PBXBuildFile; fileRef = F0F6E6BE2466BD75006BC9CC /* MidiOutputSelectionViewController.swift */; };
/* End PBXBuildFile section */

/* Begin PBXContainerItemProxy section */
		F043E0ED245A27CA0070C193 /* PBXContainerItemProxy */ = {
			isa = PBXContainerItemProxy;
			containerPortal = F043E0D2245A27C80070C193 /* Project object */;
			proxyType = 1;
			remoteGlobalIDString = F043E0D9245A27C80070C193;
			remoteInfo = "NI MIDI Interface";
		};
		F043E0F8245A27CA0070C193 /* PBXContainerItemProxy */ = {
			isa = PBXContainerItemProxy;
			containerPortal = F043E0D2245A27C80070C193 /* Project object */;
			proxyType = 1;
			remoteGlobalIDString = F043E0D9245A27C80070C193;
			remoteInfo = "NI MIDI Interface";
		};
/* End PBXContainerItemProxy section */

/* Begin PBXFileReference section */
		13560F53CF931DD036560744 /* Pods-NI MIDI InterfaceUITests.debug.xcconfig */ = {isa = PBXFileReference; includeInIndex = 1; lastKnownFileType = text.xcconfig; name = "Pods-NI MIDI InterfaceUITests.debug.xcconfig"; path = "Target Support Files/Pods-NI MIDI InterfaceUITests/Pods-NI MIDI InterfaceUITests.debug.xcconfig"; sourceTree = "<group>"; };
		3808EF9E235D8EB39F2E876D /* Pods-NI MIDI Interface.debug.xcconfig */ = {isa = PBXFileReference; includeInIndex = 1; lastKnownFileType = text.xcconfig; name = "Pods-NI MIDI Interface.debug.xcconfig"; path = "Target Support Files/Pods-NI MIDI Interface/Pods-NI MIDI Interface.debug.xcconfig"; sourceTree = "<group>"; };
		529A2414D484FDAA71C8667A /* Pods_NI_MIDI_Interface.framework */ = {isa = PBXFileReference; explicitFileType = wrapper.framework; includeInIndex = 0; path = Pods_NI_MIDI_Interface.framework; sourceTree = BUILT_PRODUCTS_DIR; };
		57798045C7A081D31E09ACDF /* Pods-NI MIDI Interface.release.xcconfig */ = {isa = PBXFileReference; includeInIndex = 1; lastKnownFileType = text.xcconfig; name = "Pods-NI MIDI Interface.release.xcconfig"; path = "Target Support Files/Pods-NI MIDI Interface/Pods-NI MIDI Interface.release.xcconfig"; sourceTree = "<group>"; };
		6C8A70DE51ABFBCFDDB9CF11 /* Pods_NI_MIDI_InterfaceUITests.framework */ = {isa = PBXFileReference; explicitFileType = wrapper.framework; includeInIndex = 0; path = Pods_NI_MIDI_InterfaceUITests.framework; sourceTree = BUILT_PRODUCTS_DIR; };
		88D0BFD7106E9CA7F3C2F7B9 /* Pods-NI MIDI InterfaceUITests.release.xcconfig */ = {isa = PBXFileReference; includeInIndex = 1; lastKnownFileType = text.xcconfig; name = "Pods-NI MIDI InterfaceUITests.release.xcconfig"; path = "Target Support Files/Pods-NI MIDI InterfaceUITests/Pods-NI MIDI InterfaceUITests.release.xcconfig"; sourceTree = "<group>"; };
		C63346FEE85B3E88223FB459 /* Pods-NI MIDI InterfaceTests.release.xcconfig */ = {isa = PBXFileReference; includeInIndex = 1; lastKnownFileType = text.xcconfig; name = "Pods-NI MIDI InterfaceTests.release.xcconfig"; path = "Target Support Files/Pods-NI MIDI InterfaceTests/Pods-NI MIDI InterfaceTests.release.xcconfig"; sourceTree = "<group>"; };
		D3896657BDDEE1125539AC98 /* Pods-NI MIDI InterfaceTests.debug.xcconfig */ = {isa = PBXFileReference; includeInIndex = 1; lastKnownFileType = text.xcconfig; name = "Pods-NI MIDI InterfaceTests.debug.xcconfig"; path = "Target Support Files/Pods-NI MIDI InterfaceTests/Pods-NI MIDI InterfaceTests.debug.xcconfig"; sourceTree = "<group>"; };
		F026D3EC2463AB7B001FE191 /* MidiDeviceSelectionStruct.swift */ = {isa = PBXFileReference; lastKnownFileType = sourcecode.swift; path = MidiDeviceSelectionStruct.swift; sourceTree = "<group>"; };
		F026D3EE2463AB90001FE191 /* MidiOutput.swift */ = {isa = PBXFileReference; lastKnownFileType = sourcecode.swift; path = MidiOutput.swift; sourceTree = "<group>"; };
		F026D3F02463ABB3001FE191 /* MidiNote.swift */ = {isa = PBXFileReference; lastKnownFileType = sourcecode.swift; path = MidiNote.swift; sourceTree = "<group>"; };
		F026D3F22463F462001FE191 /* MidiInput.swift */ = {isa = PBXFileReference; lastKnownFileType = sourcecode.swift; path = MidiInput.swift; sourceTree = "<group>"; };
		F02DA044247B68D40051D912 /* SampleCellPropertyProtocol.swift */ = {isa = PBXFileReference; lastKnownFileType = sourcecode.swift; path = SampleCellPropertyProtocol.swift; sourceTree = "<group>"; };
		F02DA046247B97310051D912 /* SampleCellLofiData.swift */ = {isa = PBXFileReference; lastKnownFileType = sourcecode.swift; path = SampleCellLofiData.swift; sourceTree = "<group>"; };
		F02DA048247BAC250051D912 /* SampleCellSampleData.swift */ = {isa = PBXFileReference; lastKnownFileType = sourcecode.swift; path = SampleCellSampleData.swift; sourceTree = "<group>"; };
		F03D88AD2465EE83005A6C05 /* MidiInputInfo.swift */ = {isa = PBXFileReference; lastKnownFileType = sourcecode.swift; path = MidiInputInfo.swift; sourceTree = "<group>"; };
		F0414C7F245A695400B15751 /* MIDI.swift */ = {isa = PBXFileReference; lastKnownFileType = sourcecode.swift; path = MIDI.swift; sourceTree = "<group>"; };
		F0414C83245A6ADE00B15751 /* MaschineInterface.swift */ = {isa = PBXFileReference; lastKnownFileType = sourcecode.swift; path = MaschineInterface.swift; sourceTree = "<group>"; };
		F0414C86245A801000B15751 /* BatteryCell.swift */ = {isa = PBXFileReference; lastKnownFileType = sourcecode.swift; path = BatteryCell.swift; sourceTree = "<group>"; };
		F043E0DA245A27C80070C193 /* NI MIDI Interface.app */ = {isa = PBXFileReference; explicitFileType = wrapper.application; includeInIndex = 0; path = "NI MIDI Interface.app"; sourceTree = BUILT_PRODUCTS_DIR; };
		F043E0DD245A27C80070C193 /* AppDelegate.swift */ = {isa = PBXFileReference; lastKnownFileType = sourcecode.swift; path = AppDelegate.swift; sourceTree = "<group>"; };
		F043E0DF245A27C80070C193 /* ViewController.swift */ = {isa = PBXFileReference; lastKnownFileType = sourcecode.swift; path = ViewController.swift; sourceTree = "<group>"; };
		F043E0E1245A27CA0070C193 /* Assets.xcassets */ = {isa = PBXFileReference; lastKnownFileType = folder.assetcatalog; path = Assets.xcassets; sourceTree = "<group>"; };
		F043E0E4245A27CA0070C193 /* Base */ = {isa = PBXFileReference; lastKnownFileType = file.storyboard; name = Base; path = Base.lproj/Main.storyboard; sourceTree = "<group>"; };
		F043E0E6245A27CA0070C193 /* Info.plist */ = {isa = PBXFileReference; lastKnownFileType = text.plist.xml; path = Info.plist; sourceTree = "<group>"; };
		F043E0E7245A27CA0070C193 /* NI_MIDI_Interface.entitlements */ = {isa = PBXFileReference; lastKnownFileType = text.plist.entitlements; path = NI_MIDI_Interface.entitlements; sourceTree = "<group>"; };
		F043E0EC245A27CA0070C193 /* NI MIDI InterfaceTests.xctest */ = {isa = PBXFileReference; explicitFileType = wrapper.cfbundle; includeInIndex = 0; path = "NI MIDI InterfaceTests.xctest"; sourceTree = BUILT_PRODUCTS_DIR; };
		F043E0F0245A27CA0070C193 /* NI_MIDI_InterfaceTests.swift */ = {isa = PBXFileReference; lastKnownFileType = sourcecode.swift; path = NI_MIDI_InterfaceTests.swift; sourceTree = "<group>"; };
		F043E0F2245A27CA0070C193 /* Info.plist */ = {isa = PBXFileReference; lastKnownFileType = text.plist.xml; path = Info.plist; sourceTree = "<group>"; };
		F043E0F7245A27CA0070C193 /* NI MIDI InterfaceUITests.xctest */ = {isa = PBXFileReference; explicitFileType = wrapper.cfbundle; includeInIndex = 0; path = "NI MIDI InterfaceUITests.xctest"; sourceTree = BUILT_PRODUCTS_DIR; };
		F043E0FB245A27CA0070C193 /* NI_MIDI_InterfaceUITests.swift */ = {isa = PBXFileReference; lastKnownFileType = sourcecode.swift; path = NI_MIDI_InterfaceUITests.swift; sourceTree = "<group>"; };
		F043E0FD245A27CA0070C193 /* Info.plist */ = {isa = PBXFileReference; lastKnownFileType = text.plist.xml; path = Info.plist; sourceTree = "<group>"; };
		F051EAD724629BE30023A8CD /* MidiDevice.swift */ = {isa = PBXFileReference; lastKnownFileType = sourcecode.swift; path = MidiDevice.swift; sourceTree = "<group>"; };
		F057F89A247A5FF200869F45 /* NI MIDI Interface */ = {isa = PBXFileReference; lastKnownFileType = folder; path = "NI MIDI Interface"; sourceTree = "<group>"; };
		F057F8A0247A64CD00869F45 /* SampleCellAmpEnvelopeData.swift */ = {isa = PBXFileReference; lastKnownFileType = sourcecode.swift; path = SampleCellAmpEnvelopeData.swift; sourceTree = "<group>"; };
		F064D19024655D4E00450FBC /* MidiDeviceSelectionViewController.swift */ = {isa = PBXFileReference; lastKnownFileType = sourcecode.swift; path = MidiDeviceSelectionViewController.swift; sourceTree = "<group>"; };
		F06CFBFA245B59FA008A8CA2 /* SampleCellPropertyData.swift */ = {isa = PBXFileReference; lastKnownFileType = sourcecode.swift; path = SampleCellPropertyData.swift; sourceTree = "<group>"; };
		F06CFBFC245B5D2E008A8CA2 /* WriteableData.swift */ = {isa = PBXFileReference; fileEncoding = 4; lastKnownFileType = sourcecode.swift; path = WriteableData.swift; sourceTree = "<group>"; };
		F06CFBFD245B5D2E008A8CA2 /* DataProtocol.swift */ = {isa = PBXFileReference; fileEncoding = 4; lastKnownFileType = sourcecode.swift; path = DataProtocol.swift; sourceTree = "<group>"; };
		F06CFBFE245B5D2F008A8CA2 /* ReadableData.swift */ = {isa = PBXFileReference; fileEncoding = 4; lastKnownFileType = sourcecode.swift; path = ReadableData.swift; sourceTree = "<group>"; };
		F06CFBFF245B5D2F008A8CA2 /* Typeguard.swift */ = {isa = PBXFileReference; fileEncoding = 4; lastKnownFileType = sourcecode.swift; path = Typeguard.swift; sourceTree = "<group>"; };
		F06CFC04245B5DB2008A8CA2 /* Error.swift */ = {isa = PBXFileReference; fileEncoding = 4; lastKnownFileType = sourcecode.swift; path = Error.swift; sourceTree = "<group>"; };
		F06CFC06245B6D5C008A8CA2 /* TypeguardExtension.swift */ = {isa = PBXFileReference; lastKnownFileType = sourcecode.swift; path = TypeguardExtension.swift; sourceTree = "<group>"; };
		F06CFC08245B7C32008A8CA2 /* SampleCellDataMIDICCExtension.swift */ = {isa = PBXFileReference; lastKnownFileType = sourcecode.swift; path = SampleCellDataMIDICCExtension.swift; sourceTree = "<group>"; };
		F06CFC44245BF0E6008A8CA2 /* Document.swift */ = {isa = PBXFileReference; fileEncoding = 4; lastKnownFileType = sourcecode.swift; path = Document.swift; sourceTree = "<group>"; };
		F06CFC47245BF897008A8CA2 /* DocumentData.swift */ = {isa = PBXFileReference; lastKnownFileType = sourcecode.swift; path = DocumentData.swift; sourceTree = "<group>"; };
		F073FA8A248B4FF9003CB0E7 /* Speed.swift */ = {isa = PBXFileReference; lastKnownFileType = sourcecode.swift; path = Speed.swift; sourceTree = "<group>"; };
		F079A297245D565200E62118 /* MidiControllerChange.swift */ = {isa = PBXFileReference; lastKnownFileType = sourcecode.swift; path = MidiControllerChange.swift; sourceTree = "<group>"; };
		F079A299245D56BF00E62118 /* MidiTypeAliases.swift */ = {isa = PBXFileReference; lastKnownFileType = sourcecode.swift; path = MidiTypeAliases.swift; sourceTree = "<group>"; };
		F0C67657245AC89D00D1A9EE /* MidiCCInterface.swift */ = {isa = PBXFileReference; lastKnownFileType = sourcecode.swift; path = MidiCCInterface.swift; sourceTree = "<group>"; };
		F0CCD78524675445004D0CDF /* SampleCellData.swift */ = {isa = PBXFileReference; lastKnownFileType = sourcecode.swift; path = SampleCellData.swift; sourceTree = "<group>"; };
		F0F6E6B8246670FF006BC9CC /* SampleCellStateData.swift */ = {isa = PBXFileReference; lastKnownFileType = sourcecode.swift; path = SampleCellStateData.swift; sourceTree = "<group>"; };
		F0F6E6BA2466749F006BC9CC /* Pitch.swift */ = {isa = PBXFileReference; lastKnownFileType = sourcecode.swift; path = Pitch.swift; sourceTree = "<group>"; };
		F0F6E6BC24669106006BC9CC /* MidiCCValueMap.swift */ = {isa = PBXFileReference; lastKnownFileType = sourcecode.swift; path = MidiCCValueMap.swift; sourceTree = "<group>"; };
		F0F6E6BE2466BD75006BC9CC /* MidiOutputSelectionViewController.swift */ = {isa = PBXFileReference; lastKnownFileType = sourcecode.swift; path = MidiOutputSelectionViewController.swift; sourceTree = "<group>"; };
		F572FEFD745BDE0FF7E4E224 /* Pods_NI_MIDI_InterfaceTests.framework */ = {isa = PBXFileReference; explicitFileType = wrapper.framework; includeInIndex = 0; path = Pods_NI_MIDI_InterfaceTests.framework; sourceTree = BUILT_PRODUCTS_DIR; };
/* End PBXFileReference section */

/* Begin PBXFrameworksBuildPhase section */
		F043E0D7245A27C80070C193 /* Frameworks */ = {
			isa = PBXFrameworksBuildPhase;
			buildActionMask = 2147483647;
			files = (
				38DF972FAA964C204996869B /* Pods_NI_MIDI_Interface.framework in Frameworks */,
				632B31B3300D76F700442564 /* ReactiveSwift in Frameworks */,
			);
			runOnlyForDeploymentPostprocessing = 0;
		};
		F043E0E9245A27CA0070C193 /* Frameworks */ = {
			isa = PBXFrameworksBuildPhase;
			buildActionMask = 2147483647;
			files = (
				2C84CC832ECBCF7039D83E91 /* Pods_NI_MIDI_InterfaceTests.framework in Frameworks */,
			);
			runOnlyForDeploymentPostprocessing = 0;
		};
		F043E0F4245A27CA0070C193 /* Frameworks */ = {
			isa = PBXFrameworksBuildPhase;
			buildActionMask = 2147483647;
			files = (
				81012BDE02462914E3438BB7 /* Pods_NI_MIDI_InterfaceUITests.framework in Frameworks */,
			);
			runOnlyForDeploymentPostprocessing = 0;
		};
/* End PBXFrameworksBuildPhase section */

/* Begin PBXGroup section */
		4E6F8BA87215EFAE84E347AC /* Frameworks */ = {
			isa = PBXGroup;
			children = (
				529A2414D484FDAA71C8667A /* Pods_NI_MIDI_Interface.framework */,
				F572FEFD745BDE0FF7E4E224 /* Pods_NI_MIDI_InterfaceTests.framework */,
				6C8A70DE51ABFBCFDDB9CF11 /* Pods_NI_MIDI_InterfaceUITests.framework */,
			);
			name = Frameworks;
			sourceTree = "<group>";
		};
		A3EAE45A4904E8B849CB0F76 /* Pods */ = {
			isa = PBXGroup;
			children = (
				3808EF9E235D8EB39F2E876D /* Pods-NI MIDI Interface.debug.xcconfig */,
				57798045C7A081D31E09ACDF /* Pods-NI MIDI Interface.release.xcconfig */,
				D3896657BDDEE1125539AC98 /* Pods-NI MIDI InterfaceTests.debug.xcconfig */,
				C63346FEE85B3E88223FB459 /* Pods-NI MIDI InterfaceTests.release.xcconfig */,
				13560F53CF931DD036560744 /* Pods-NI MIDI InterfaceUITests.debug.xcconfig */,
				88D0BFD7106E9CA7F3C2F7B9 /* Pods-NI MIDI InterfaceUITests.release.xcconfig */,
			);
			path = Pods;
			sourceTree = "<group>";
		};
		F03D88AF24665345005A6C05 /* View Controllers */ = {
			isa = PBXGroup;
			children = (
				F043E0DF245A27C80070C193 /* ViewController.swift */,
				F064D19024655D4E00450FBC /* MidiDeviceSelectionViewController.swift */,
				F0F6E6BE2466BD75006BC9CC /* MidiOutputSelectionViewController.swift */,
			);
			path = "View Controllers";
			sourceTree = "<group>";
		};
		F0414C85245A7FF600B15751 /* MIDI */ = {
			isa = PBXGroup;
			children = (
				F0414C7F245A695400B15751 /* MIDI.swift */,
				F079A297245D565200E62118 /* MidiControllerChange.swift */,
				F079A299245D56BF00E62118 /* MidiTypeAliases.swift */,
				F051EAD724629BE30023A8CD /* MidiDevice.swift */,
				F026D3F22463F462001FE191 /* MidiInput.swift */,
				F03D88AD2465EE83005A6C05 /* MidiInputInfo.swift */,
				F026D3EC2463AB7B001FE191 /* MidiDeviceSelectionStruct.swift */,
				F026D3EE2463AB90001FE191 /* MidiOutput.swift */,
			);
			path = MIDI;
			sourceTree = "<group>";
		};
		F043E0D1245A27C80070C193 = {
			isa = PBXGroup;
			children = (
				F043E0DC245A27C80070C193 /* NI MIDI Interface */,
				F057F89A247A5FF200869F45 /* NI MIDI Interface */,
				F043E0EF245A27CA0070C193 /* NI MIDI InterfaceTests */,
				F043E0FA245A27CA0070C193 /* NI MIDI InterfaceUITests */,
				F043E0DB245A27C80070C193 /* Products */,
				A3EAE45A4904E8B849CB0F76 /* Pods */,
				4E6F8BA87215EFAE84E347AC /* Frameworks */,
			);
			sourceTree = "<group>";
		};
		F043E0DB245A27C80070C193 /* Products */ = {
			isa = PBXGroup;
			children = (
				F043E0DA245A27C80070C193 /* NI MIDI Interface.app */,
				F043E0EC245A27CA0070C193 /* NI MIDI InterfaceTests.xctest */,
				F043E0F7245A27CA0070C193 /* NI MIDI InterfaceUITests.xctest */,
			);
			name = Products;
			sourceTree = "<group>";
		};
		F043E0DC245A27C80070C193 /* NI MIDI Interface */ = {
			isa = PBXGroup;
			children = (
				F03D88AF24665345005A6C05 /* View Controllers */,
				F06CFBF8245B59E2008A8CA2 /* Data */,
				F0414C85245A7FF600B15751 /* MIDI */,
				F043E0DD245A27C80070C193 /* AppDelegate.swift */,
				F043E0E1245A27CA0070C193 /* Assets.xcassets */,
				F043E0E3245A27CA0070C193 /* Main.storyboard */,
				F06CFC44245BF0E6008A8CA2 /* Document.swift */,
				F043E0E6245A27CA0070C193 /* Info.plist */,
				F043E0E7245A27CA0070C193 /* NI_MIDI_Interface.entitlements */,
				F0414C83245A6ADE00B15751 /* MaschineInterface.swift */,
				F026D3F02463ABB3001FE191 /* MidiNote.swift */,
				F0414C86245A801000B15751 /* BatteryCell.swift */,
				F0C67657245AC89D00D1A9EE /* MidiCCInterface.swift */,
				F0F6E6BA2466749F006BC9CC /* Pitch.swift */,
				F073FA8A248B4FF9003CB0E7 /* Speed.swift */,
				F0F6E6BC24669106006BC9CC /* MidiCCValueMap.swift */,
			);
			path = "NI MIDI Interface";
			sourceTree = "<group>";
		};
		F043E0EF245A27CA0070C193 /* NI MIDI InterfaceTests */ = {
			isa = PBXGroup;
			children = (
				F043E0F0245A27CA0070C193 /* NI_MIDI_InterfaceTests.swift */,
				F043E0F2245A27CA0070C193 /* Info.plist */,
			);
			path = "NI MIDI InterfaceTests";
			sourceTree = "<group>";
		};
		F043E0FA245A27CA0070C193 /* NI MIDI InterfaceUITests */ = {
			isa = PBXGroup;
			children = (
				F043E0FB245A27CA0070C193 /* NI_MIDI_InterfaceUITests.swift */,
				F043E0FD245A27CA0070C193 /* Info.plist */,
			);
			path = "NI MIDI InterfaceUITests";
			sourceTree = "<group>";
		};
		F06CFBF8245B59E2008A8CA2 /* Data */ = {
			isa = PBXGroup;
			children = (
				F06CFC46245BF88B008A8CA2 /* DocumentData */,
				F06CFBFD245B5D2E008A8CA2 /* DataProtocol.swift */,
				F06CFBFE245B5D2F008A8CA2 /* ReadableData.swift */,
				F06CFC04245B5DB2008A8CA2 /* Error.swift */,
				F06CFBFF245B5D2F008A8CA2 /* Typeguard.swift */,
				F06CFC06245B6D5C008A8CA2 /* TypeguardExtension.swift */,
				F06CFBFC245B5D2E008A8CA2 /* WriteableData.swift */,
				F06CFBF9245B59E9008A8CA2 /* SampleCell */,
				F0F6E6B8246670FF006BC9CC /* SampleCellStateData.swift */,
				F0CCD78524675445004D0CDF /* SampleCellData.swift */,
				F02DA044247B68D40051D912 /* SampleCellPropertyProtocol.swift */,
			);
			path = Data;
			sourceTree = "<group>";
		};
		F06CFBF9245B59E9008A8CA2 /* SampleCell */ = {
			isa = PBXGroup;
			children = (
				F057F8A0247A64CD00869F45 /* SampleCellAmpEnvelopeData.swift */,
				F06CFBFA245B59FA008A8CA2 /* SampleCellPropertyData.swift */,
				F06CFC08245B7C32008A8CA2 /* SampleCellDataMIDICCExtension.swift */,
				F02DA046247B97310051D912 /* SampleCellLofiData.swift */,
				F02DA048247BAC250051D912 /* SampleCellSampleData.swift */,
			);
			path = SampleCell;
			sourceTree = "<group>";
		};
		F06CFC46245BF88B008A8CA2 /* DocumentData */ = {
			isa = PBXGroup;
			children = (
				F06CFC47245BF897008A8CA2 /* DocumentData.swift */,
			);
			path = DocumentData;
			sourceTree = "<group>";
		};
/* End PBXGroup section */

/* Begin PBXNativeTarget section */
		F043E0D9245A27C80070C193 /* NI MIDI Interface */ = {
			isa = PBXNativeTarget;
			buildConfigurationList = F043E100245A27CA0070C193 /* Build configuration list for PBXNativeTarget "NI MIDI Interface" */;
			buildPhases = (
				6265524C812C7F3D3097C1F7 /* [CP] Check Pods Manifest.lock */,
				F043E0D6245A27C80070C193 /* Sources */,
				F043E0D7245A27C80070C193 /* Frameworks */,
				F043E0D8245A27C80070C193 /* Resources */,
				0EC6B60F85DE23F2EC93B75E /* [CP] Embed Pods Frameworks */,
			);
			buildRules = (
			);
			dependencies = (
			);
			name = "NI MIDI Interface";
			productName = "NI MIDI Interface";
			productReference = F043E0DA245A27C80070C193 /* NI MIDI Interface.app */;
			productType = "com.apple.product-type.application";
		};
		F043E0EB245A27CA0070C193 /* NI MIDI InterfaceTests */ = {
			isa = PBXNativeTarget;
			buildConfigurationList = F043E103245A27CA0070C193 /* Build configuration list for PBXNativeTarget "NI MIDI InterfaceTests" */;
			buildPhases = (
				C171FBF5D1A21F1AE6CB9C6E /* [CP] Check Pods Manifest.lock */,
				F043E0E8245A27CA0070C193 /* Sources */,
				F043E0E9245A27CA0070C193 /* Frameworks */,
				F043E0EA245A27CA0070C193 /* Resources */,
			);
			buildRules = (
			);
			dependencies = (
				F043E0EE245A27CA0070C193 /* PBXTargetDependency */,
			);
			name = "NI MIDI InterfaceTests";
			productName = "NI MIDI InterfaceTests";
			productReference = F043E0EC245A27CA0070C193 /* NI MIDI InterfaceTests.xctest */;
			productType = "com.apple.product-type.bundle.unit-test";
		};
		F043E0F6245A27CA0070C193 /* NI MIDI InterfaceUITests */ = {
			isa = PBXNativeTarget;
			buildConfigurationList = F043E106245A27CA0070C193 /* Build configuration list for PBXNativeTarget "NI MIDI InterfaceUITests" */;
			buildPhases = (
				C2B27A173FC08BEDDB7D0ECF /* [CP] Check Pods Manifest.lock */,
				F043E0F3245A27CA0070C193 /* Sources */,
				F043E0F4245A27CA0070C193 /* Frameworks */,
				F043E0F5245A27CA0070C193 /* Resources */,
			);
			buildRules = (
			);
			dependencies = (
				F043E0F9245A27CA0070C193 /* PBXTargetDependency */,
			);
			name = "NI MIDI InterfaceUITests";
			productName = "NI MIDI InterfaceUITests";
			productReference = F043E0F7245A27CA0070C193 /* NI MIDI InterfaceUITests.xctest */;
			productType = "com.apple.product-type.bundle.ui-testing";
		};
/* End PBXNativeTarget section */

/* Begin PBXProject section */
		F043E0D2245A27C80070C193 /* Project object */ = {
			isa = PBXProject;
			attributes = {
				LastSwiftUpdateCheck = 1130;
				LastUpgradeCheck = 1130;
				ORGANIZATIONNAME = "William Piotrowski";
				TargetAttributes = {
					F043E0D9245A27C80070C193 = {
						CreatedOnToolsVersion = 11.3;
						LastSwiftMigration = 1130;
					};
					F043E0EB245A27CA0070C193 = {
						CreatedOnToolsVersion = 11.3;
						TestTargetID = F043E0D9245A27C80070C193;
					};
					F043E0F6245A27CA0070C193 = {
						CreatedOnToolsVersion = 11.3;
						TestTargetID = F043E0D9245A27C80070C193;
					};
				};
			};
			buildConfigurationList = F043E0D5245A27C80070C193 /* Build configuration list for PBXProject "NI MIDI Interface" */;
			compatibilityVersion = "Xcode 9.3";
			developmentRegion = en;
			hasScannedForEncodings = 0;
			knownRegions = (
				en,
				Base,
			);
			mainGroup = F043E0D1245A27C80070C193;
			packageReferences = (
				632B31B1300D76F700442564 /* XCRemoteSwiftPackageReference "ReactiveSwift" */,
			);
			productRefGroup = F043E0DB245A27C80070C193 /* Products */;
			projectDirPath = "";
			projectRoot = "";
			targets = (
				F043E0D9245A27C80070C193 /* NI MIDI Interface */,
				F043E0EB245A27CA0070C193 /* NI MIDI InterfaceTests */,
				F043E0F6245A27CA0070C193 /* NI MIDI InterfaceUITests */,
			);
		};
/* End PBXProject section */

/* Begin PBXResourcesBuildPhase section */
		F043E0D8245A27C80070C193 /* Resources */ = {
			isa = PBXResourcesBuildPhase;
			buildActionMask = 2147483647;
			files = (
				F057F89B247A5FF200869F45 /* NI MIDI Interface in Resources */,
				F043E0E2245A27CA0070C193 /* Assets.xcassets in Resources */,
				F043E0E5245A27CA0070C193 /* Main.storyboard in Resources */,
			);
			runOnlyForDeploymentPostprocessing = 0;
		};
		F043E0EA245A27CA0070C193 /* Resources */ = {
			isa = PBXResourcesBuildPhase;
			buildActionMask = 2147483647;
			files = (
			);
			runOnlyForDeploymentPostprocessing = 0;
		};
		F043E0F5245A27CA0070C193 /* Resources */ = {
			isa = PBXResourcesBuildPhase;
			buildActionMask = 2147483647;
			files = (
			);
			runOnlyForDeploymentPostprocessing = 0;
		};
/* End PBXResourcesBuildPhase section */

/* Begin PBXShellScriptBuildPhase section */
		0EC6B60F85DE23F2EC93B75E /* [CP] Embed Pods Frameworks */ = {
			isa = PBXShellScriptBuildPhase;
			buildActionMask = 2147483647;
			files = (
			);
			inputFileListPaths = (
				"${PODS_ROOT}/Target Support Files/Pods-NI MIDI Interface/Pods-NI MIDI Interface-frameworks-${CONFIGURATION}-input-files.xcfilelist",
			);
			inputPaths = (
			);
			name = "[CP] Embed Pods Frameworks";
			outputFileListPaths = (
				"${PODS_ROOT}/Target Support Files/Pods-NI MIDI Interface/Pods-NI MIDI Interface-frameworks-${CONFIGURATION}-output-files.xcfilelist",
			);
			outputPaths = (
			);
			runOnlyForDeploymentPostprocessing = 0;
			shellPath = /bin/sh;
			shellScript = "\"${PODS_ROOT}/Target Support Files/Pods-NI MIDI Interface/Pods-NI MIDI Interface-frameworks.sh\"\n";
			showEnvVarsInLog = 0;
		};
		6265524C812C7F3D3097C1F7 /* [CP] Check Pods Manifest.lock */ = {
			isa = PBXShellScriptBuildPhase;
			buildActionMask = 2147483647;
			files = (
			);
			inputFileListPaths = (
			);
			inputPaths = (
				"${PODS_PODFILE_DIR_PATH}/Podfile.lock",
				"${PODS_ROOT}/Manifest.lock",
			);
			name = "[CP] Check Pods Manifest.lock";
			outputFileListPaths = (
			);
			outputPaths = (
				"$(DERIVED_FILE_DIR)/Pods-NI MIDI Interface-checkManifestLockResult.txt",
			);
			runOnlyForDeploymentPostprocessing = 0;
			shellPath = /bin/sh;
			shellScript = "diff \"${PODS_PODFILE_DIR_PATH}/Podfile.lock\" \"${PODS_ROOT}/Manifest.lock\" > /dev/null\nif [ $? != 0 ] ; then\n    # print error to STDERR\n    echo \"error: The sandbox is not in sync with the Podfile.lock. Run 'pod install' or update your CocoaPods installation.\" >&2\n    exit 1\nfi\n# This output is used by Xcode 'outputs' to avoid re-running this script phase.\necho \"SUCCESS\" > \"${SCRIPT_OUTPUT_FILE_0}\"\n";
			showEnvVarsInLog = 0;
		};
		C171FBF5D1A21F1AE6CB9C6E /* [CP] Check Pods Manifest.lock */ = {
			isa = PBXShellScriptBuildPhase;
			buildActionMask = 2147483647;
			files = (
			);
			inputFileListPaths = (
			);
			inputPaths = (
				"${PODS_PODFILE_DIR_PATH}/Podfile.lock",
				"${PODS_ROOT}/Manifest.lock",
			);
			name = "[CP] Check Pods Manifest.lock";
			outputFileListPaths = (
			);
			outputPaths = (
				"$(DERIVED_FILE_DIR)/Pods-NI MIDI InterfaceTests-checkManifestLockResult.txt",
			);
			runOnlyForDeploymentPostprocessing = 0;
			shellPath = /bin/sh;
			shellScript = "diff \"${PODS_PODFILE_DIR_PATH}/Podfile.lock\" \"${PODS_ROOT}/Manifest.lock\" > /dev/null\nif [ $? != 0 ] ; then\n    # print error to STDERR\n    echo \"error: The sandbox is not in sync with the Podfile.lock. Run 'pod install' or update your CocoaPods installation.\" >&2\n    exit 1\nfi\n# This output is used by Xcode 'outputs' to avoid re-running this script phase.\necho \"SUCCESS\" > \"${SCRIPT_OUTPUT_FILE_0}\"\n";
			showEnvVarsInLog = 0;
		};
		C2B27A173FC08BEDDB7D0ECF /* [CP] Check Pods Manifest.lock */ = {
			isa = PBXShellScriptBuildPhase;
			buildActionMask = 2147483647;
			files = (
			);
			inputFileListPaths = (
			);
			inputPaths = (
				"${PODS_PODFILE_DIR_PATH}/Podfile.lock",
				"${PODS_ROOT}/Manifest.lock",
			);
			name = "[CP] Check Pods Manifest.lock";
			outputFileListPaths = (
			);
			outputPaths = (
				"$(DERIVED_FILE_DIR)/Pods-NI MIDI InterfaceUITests-checkManifestLockResult.txt",
			);
			runOnlyForDeploymentPostprocessing = 0;
			shellPath = /bin/sh;
			shellScript = "diff \"${PODS_PODFILE_DIR_PATH}/Podfile.lock\" \"${PODS_ROOT}/Manifest.lock\" > /dev/null\nif [ $? != 0 ] ; then\n    # print error to STDERR\n    echo \"error: The sandbox is not in sync with the Podfile.lock. Run 'pod install' or update your CocoaPods installation.\" >&2\n    exit 1\nfi\n# This output is used by Xcode 'outputs' to avoid re-running this script phase.\necho \"SUCCESS\" > \"${SCRIPT_OUTPUT_FILE_0}\"\n";
			showEnvVarsInLog = 0;
		};
/* End PBXShellScriptBuildPhase section */

/* Begin PBXSourcesBuildPhase section */
		F043E0D6245A27C80070C193 /* Sources */ = {
			isa = PBXSourcesBuildPhase;
			buildActionMask = 2147483647;
			files = (
				F051EAD824629BE30023A8CD /* MidiDevice.swift in Sources */,
				F02DA047247B97310051D912 /* SampleCellLofiData.swift in Sources */,
				F026D3F32463F462001FE191 /* MidiInput.swift in Sources */,
				F064D19124655D4E00450FBC /* MidiDeviceSelectionViewController.swift in Sources */,
				F0414C84245A6ADE00B15751 /* MaschineInterface.swift in Sources */,
				F06CFC02245B5D2F008A8CA2 /* ReadableData.swift in Sources */,
				F06CFC09245B7C32008A8CA2 /* SampleCellDataMIDICCExtension.swift in Sources */,
				F073FA8B248B4FF9003CB0E7 /* Speed.swift in Sources */,
				F043E0E0245A27C80070C193 /* ViewController.swift in Sources */,
				F0C67658245AC89D00D1A9EE /* MidiCCInterface.swift in Sources */,
				F06CFC07245B6D5C008A8CA2 /* TypeguardExtension.swift in Sources */,
				F0F6E6BF2466BD75006BC9CC /* MidiOutputSelectionViewController.swift in Sources */,
				F0CCD78624675445004D0CDF /* SampleCellData.swift in Sources */,
				F057F8A1247A64CD00869F45 /* SampleCellAmpEnvelopeData.swift in Sources */,
				F06CFC48245BF897008A8CA2 /* DocumentData.swift in Sources */,
				F06CFC05245B5DB2008A8CA2 /* Error.swift in Sources */,
				F043E0DE245A27C80070C193 /* AppDelegate.swift in Sources */,
				F026D3EF2463AB90001FE191 /* MidiOutput.swift in Sources */,
				F06CFC01245B5D2F008A8CA2 /* DataProtocol.swift in Sources */,
				F0F6E6BB2466749F006BC9CC /* Pitch.swift in Sources */,
				F026D3ED2463AB7B001FE191 /* MidiDeviceSelectionStruct.swift in Sources */,
				F06CFC03245B5D2F008A8CA2 /* Typeguard.swift in Sources */,
				F0414C87245A801000B15751 /* BatteryCell.swift in Sources */,
				F0414C80245A695400B15751 /* MIDI.swift in Sources */,
				F06CFBFB245B59FA008A8CA2 /* SampleCellPropertyData.swift in Sources */,
				F026D3F12463ABB3001FE191 /* MidiNote.swift in Sources */,
				F0F6E6BD24669106006BC9CC /* MidiCCValueMap.swift in Sources */,
				F02DA049247BAC250051D912 /* SampleCellSampleData.swift in Sources */,
				F0F6E6B9246670FF006BC9CC /* SampleCellStateData.swift in Sources */,
				F03D88AE2465EE83005A6C05 /* MidiInputInfo.swift in Sources */,
				F02DA045247B68D40051D912 /* SampleCellPropertyProtocol.swift in Sources */,
				F079A298245D565200E62118 /* MidiControllerChange.swift in Sources */,
				F079A29A245D56BF00E62118 /* MidiTypeAliases.swift in Sources */,
				F06CFC00245B5D2F008A8CA2 /* WriteableData.swift in Sources */,
				F06CFC45245BF0E6008A8CA2 /* Document.swift in Sources */,
			);
			runOnlyForDeploymentPostprocessing = 0;
		};
		F043E0E8245A27CA0070C193 /* Sources */ = {
			isa = PBXSourcesBuildPhase;
			buildActionMask = 2147483647;
			files = (
				F043E0F1245A27CA0070C193 /* NI_MIDI_InterfaceTests.swift in Sources */,
			);
			runOnlyForDeploymentPostprocessing = 0;
		};
		F043E0F3245A27CA0070C193 /* Sources */ = {
			isa = PBXSourcesBuildPhase;
			buildActionMask = 2147483647;
			files = (
				F043E0FC245A27CA0070C193 /* NI_MIDI_InterfaceUITests.swift in Sources */,
			);
			runOnlyForDeploymentPostprocessing = 0;
		};
/* End PBXSourcesBuildPhase section */

/* Begin PBXTargetDependency section */
		F043E0EE245A27CA0070C193 /* PBXTargetDependency */ = {
			isa = PBXTargetDependency;
			target = F043E0D9245A27C80070C193 /* NI MIDI Interface */;
			targetProxy = F043E0ED245A27CA0070C193 /* PBXContainerItemProxy */;
		};
		F043E0F9245A27CA0070C193 /* PBXTargetDependency */ = {
			isa = PBXTargetDependency;
			target = F043E0D9245A27C80070C193 /* NI MIDI Interface */;
			targetProxy = F043E0F8245A27CA0070C193 /* PBXContainerItemProxy */;
		};
/* End PBXTargetDependency section */

/* Begin PBXVariantGroup section */
		F043E0E3245A27CA0070C193 /* Main.storyboard */ = {
			isa = PBXVariantGroup;
			children = (
				F043E0E4245A27CA0070C193 /* Base */,
			);
			name = Main.storyboard;
			sourceTree = "<group>";
		};
/* End PBXVariantGroup section */

/* Begin XCBuildConfiguration section */
		F043E0FE245A27CA0070C193 /* Debug */ = {
			isa = XCBuildConfiguration;
			buildSettings = {
				ALWAYS_SEARCH_USER_PATHS = NO;
				CLANG_ANALYZER_NONNULL = YES;
				CLANG_ANALYZER_NUMBER_OBJECT_CONVERSION = YES_AGGRESSIVE;
				CLANG_CXX_LANGUAGE_STANDARD = "gnu++14";
				CLANG_CXX_LIBRARY = "libc++";
				CLANG_ENABLE_MODULES = YES;
				CLANG_ENABLE_OBJC_ARC = YES;
				CLANG_ENABLE_OBJC_WEAK = YES;
				CLANG_WARN_BLOCK_CAPTURE_AUTORELEASING = YES;
				CLANG_WARN_BOOL_CONVERSION = YES;
				CLANG_WARN_COMMA = YES;
				CLANG_WARN_CONSTANT_CONVERSION = YES;
				CLANG_WARN_DEPRECATED_OBJC_IMPLEMENTATIONS = YES;
				CLANG_WARN_DIRECT_OBJC_ISA_USAGE = YES_ERROR;
				CLANG_WARN_DOCUMENTATION_COMMENTS = YES;
				CLANG_WARN_EMPTY_BODY = YES;
				CLANG_WARN_ENUM_CONVERSION = YES;
				CLANG_WARN_INFINITE_RECURSION = YES;
				CLANG_WARN_INT_CONVERSION = YES;
				CLANG_WARN_NON_LITERAL_NULL_CONVERSION = YES;
				CLANG_WARN_OBJC_IMPLICIT_RETAIN_SELF = YES;
				CLANG_WARN_OBJC_LITERAL_CONVERSION = YES;
				CLANG_WARN_OBJC_ROOT_CLASS = YES_ERROR;
				CLANG_WARN_RANGE_LOOP_ANALYSIS = YES;
				CLANG_WARN_STRICT_PROTOTYPES = YES;
				CLANG_WARN_SUSPICIOUS_MOVE = YES;
				CLANG_WARN_UNGUARDED_AVAILABILITY = YES_AGGRESSIVE;
				CLANG_WARN_UNREACHABLE_CODE = YES;
				CLANG_WARN__DUPLICATE_METHOD_MATCH = YES;
				COPY_PHASE_STRIP = NO;
				DEBUG_INFORMATION_FORMAT = dwarf;
				ENABLE_STRICT_OBJC_MSGSEND = YES;
				ENABLE_TESTABILITY = YES;
				GCC_C_LANGUAGE_STANDARD = gnu11;
				GCC_DYNAMIC_NO_PIC = NO;
				GCC_NO_COMMON_BLOCKS = YES;
				GCC_OPTIMIZATION_LEVEL = 0;
				GCC_PREPROCESSOR_DEFINITIONS = (
					"DEBUG=1",
					"$(inherited)",
				);
				GCC_WARN_64_TO_32_BIT_CONVERSION = YES;
				GCC_WARN_ABOUT_RETURN_TYPE = YES_ERROR;
				GCC_WARN_UNDECLARED_SELECTOR = YES;
				GCC_WARN_UNINITIALIZED_AUTOS = YES_AGGRESSIVE;
				GCC_WARN_UNUSED_FUNCTION = YES;
				GCC_WARN_UNUSED_VARIABLE = YES;
				MACOSX_DEPLOYMENT_TARGET = 10.14;
				MTL_ENABLE_DEBUG_INFO = INCLUDE_SOURCE;
				MTL_FAST_MATH = YES;
				ONLY_ACTIVE_ARCH = YES;
				SDKROOT = macosx;
				SWIFT_ACTIVE_COMPILATION_CONDITIONS = DEBUG;
				SWIFT_OPTIMIZATION_LEVEL = "-Onone";
			};
			name = Debug;
		};
		F043E0FF245A27CA0070C193 /* Release */ = {
			isa = XCBuildConfiguration;
			buildSettings = {
				ALWAYS_SEARCH_USER_PATHS = NO;
				CLANG_ANALYZER_NONNULL = YES;
				CLANG_ANALYZER_NUMBER_OBJECT_CONVERSION = YES_AGGRESSIVE;
				CLANG_CXX_LANGUAGE_STANDARD = "gnu++14";
				CLANG_CXX_LIBRARY = "libc++";
				CLANG_ENABLE_MODULES = YES;
				CLANG_ENABLE_OBJC_ARC = YES;
				CLANG_ENABLE_OBJC_WEAK = YES;
				CLANG_WARN_BLOCK_CAPTURE_AUTORELEASING = YES;
				CLANG_WARN_BOOL_CONVERSION = YES;
				CLANG_WARN_COMMA = YES;
				CLANG_WARN_CONSTANT_CONVERSION = YES;
				CLANG_WARN_DEPRECATED_OBJC_IMPLEMENTATIONS = YES;
				CLANG_WARN_DIRECT_OBJC_ISA_USAGE = YES_ERROR;
				CLANG_WARN_DOCUMENTATION_COMMENTS = YES;
				CLANG_WARN_EMPTY_BODY = YES;
				CLANG_WARN_ENUM_CONVERSION = YES;
				CLANG_WARN_INFINITE_RECURSION = YES;
				CLANG_WARN_INT_CONVERSION = YES;
				CLANG_WARN_NON_LITERAL_NULL_CONVERSION = YES;
				CLANG_WARN_OBJC_IMPLICIT_RETAIN_SELF = YES;
				CLANG_WARN_OBJC_LITERAL_CONVERSION = YES;
				CLANG_WARN_OBJC_ROOT_CLASS = YES_ERROR;
				CLANG_WARN_RANGE_LOOP_ANALYSIS = YES;
				CLANG_WARN_STRICT_PROTOTYPES = YES;
				CLANG_WARN_SUSPICIOUS_MOVE = YES;
				CLANG_WARN_UNGUARDED_AVAILABILITY = YES_AGGRESSIVE;
				CLANG_WARN_UNREACHABLE_CODE = YES;
				CLANG_WARN__DUPLICATE_METHOD_MATCH = YES;
				COPY_PHASE_STRIP = NO;
				DEBUG_INFORMATION_FORMAT = "dwarf-with-dsym";
				ENABLE_NS_ASSERTIONS = NO;
				ENABLE_STRICT_OBJC_MSGSEND = YES;
				GCC_C_LANGUAGE_STANDARD = gnu11;
				GCC_NO_COMMON_BLOCKS = YES;
				GCC_WARN_64_TO_32_BIT_CONVERSION = YES;
				GCC_WARN_ABOUT_RETURN_TYPE = YES_ERROR;
				GCC_WARN_UNDECLARED_SELECTOR = YES;
				GCC_WARN_UNINITIALIZED_AUTOS = YES_AGGRESSIVE;
				GCC_WARN_UNUSED_FUNCTION = YES;
				GCC_WARN_UNUSED_VARIABLE = YES;
				MACOSX_DEPLOYMENT_TARGET = 10.14;
				MTL_ENABLE_DEBUG_INFO = NO;
				MTL_FAST_MATH = YES;
				SDKROOT = macosx;
				SWIFT_COMPILATION_MODE = wholemodule;
				SWIFT_OPTIMIZATION_LEVEL = "-O";
			};
			name = Release;
		};
		F043E101245A27CA0070C193 /* Debug */ = {
			isa = XCBuildConfiguration;
			baseConfigurationReference = 3808EF9E235D8EB39F2E876D /* Pods-NI MIDI Interface.debug.xcconfig */;
			buildSettings = {
				ASSETCATALOG_COMPILER_APPICON_NAME = AppIcon;
				CLANG_ENABLE_MODULES = YES;
				CODE_SIGN_ENTITLEMENTS = "NI MIDI Interface/NI_MIDI_Interface.entitlements";
				"CODE_SIGN_IDENTITY[sdk=macosx*]" = "-";
				CODE_SIGN_STYLE = Automatic;
				COMBINE_HIDPI_IMAGES = YES;
				DEVELOPMENT_TEAM = 5Z7STG9PM4;
				ENABLE_HARDENED_RUNTIME = YES;
				INFOPLIST_FILE = "NI MIDI Interface/Info.plist";
				INFOPLIST_KEY_CFBundleDisplayName = "NI MIDI Interface";
				INFOPLIST_KEY_LSApplicationCategoryType = "public.app-category.music";
				LD_RUNPATH_SEARCH_PATHS = (
					"$(inherited)",
					"@executable_path/../Frameworks",
				);
				MACOSX_DEPLOYMENT_TARGET = 11.5;
				PRODUCT_BUNDLE_IDENTIFIER = "William-Piotrowski.NI-MIDI-Interface";
				PRODUCT_NAME = "$(TARGET_NAME)";
				SWIFT_OPTIMIZATION_LEVEL = "-Onone";
				SWIFT_VERSION = 5.0;
			};
			name = Debug;
		};
		F043E102245A27CA0070C193 /* Release */ = {
			isa = XCBuildConfiguration;
			baseConfigurationReference = 57798045C7A081D31E09ACDF /* Pods-NI MIDI Interface.release.xcconfig */;
			buildSettings = {
				ASSETCATALOG_COMPILER_APPICON_NAME = AppIcon;
				CLANG_ENABLE_MODULES = YES;
				CODE_SIGN_ENTITLEMENTS = "NI MIDI Interface/NI_MIDI_Interface.entitlements";
				"CODE_SIGN_IDENTITY[sdk=macosx*]" = "-";
				CODE_SIGN_STYLE = Automatic;
				COMBINE_HIDPI_IMAGES = YES;
				DEVELOPMENT_TEAM = 5Z7STG9PM4;
				ENABLE_HARDENED_RUNTIME = YES;
				INFOPLIST_FILE = "NI MIDI Interface/Info.plist";
				INFOPLIST_KEY_CFBundleDisplayName = "NI MIDI Interface";
				INFOPLIST_KEY_LSApplicationCategoryType = "public.app-category.music";
				LD_RUNPATH_SEARCH_PATHS = (
					"$(inherited)",
					"@executable_path/../Frameworks",
				);
				MACOSX_DEPLOYMENT_TARGET = 11.5;
				PRODUCT_BUNDLE_IDENTIFIER = "William-Piotrowski.NI-MIDI-Interface";
				PRODUCT_NAME = "$(TARGET_NAME)";
				SWIFT_VERSION = 5.0;
			};
			name = Release;
		};
		F043E104245A27CA0070C193 /* Debug */ = {
			isa = XCBuildConfiguration;
			baseConfigurationReference = D3896657BDDEE1125539AC98 /* Pods-NI MIDI InterfaceTests.debug.xcconfig */;
			buildSettings = {
				ALWAYS_EMBED_SWIFT_STANDARD_LIBRARIES = YES;
				BUNDLE_LOADER = "$(TEST_HOST)";
				CODE_SIGN_STYLE = Automatic;
				COMBINE_HIDPI_IMAGES = YES;
				DEVELOPMENT_TEAM = 5Z7STG9PM4;
				INFOPLIST_FILE = "NI MIDI InterfaceTests/Info.plist";
				LD_RUNPATH_SEARCH_PATHS = (
					"$(inherited)",
					"@executable_path/../Frameworks",
					"@loader_path/../Frameworks",
				);
				MACOSX_DEPLOYMENT_TARGET = 10.14;
				PRODUCT_BUNDLE_IDENTIFIER = "William-Piotrowski.NI-MIDI-InterfaceTests";
				PRODUCT_NAME = "$(TARGET_NAME)";
				SWIFT_VERSION = 5.0;
				TEST_HOST = "$(BUILT_PRODUCTS_DIR)/NI MIDI Interface.app/Contents/MacOS/NI MIDI Interface";
			};
			name = Debug;
		};
		F043E105245A27CA0070C193 /* Release */ = {
			isa = XCBuildConfiguration;
			baseConfigurationReference = C63346FEE85B3E88223FB459 /* Pods-NI MIDI InterfaceTests.release.xcconfig */;
			buildSettings = {
				ALWAYS_EMBED_SWIFT_STANDARD_LIBRARIES = YES;
				BUNDLE_LOADER = "$(TEST_HOST)";
				CODE_SIGN_STYLE = Automatic;
				COMBINE_HIDPI_IMAGES = YES;
				DEVELOPMENT_TEAM = 5Z7STG9PM4;
				INFOPLIST_FILE = "NI MIDI InterfaceTests/Info.plist";
				LD_RUNPATH_SEARCH_PATHS = (
					"$(inherited)",
					"@executable_path/../Frameworks",
					"@loader_path/../Frameworks",
				);
				MACOSX_DEPLOYMENT_TARGET = 10.14;
				PRODUCT_BUNDLE_IDENTIFIER = "William-Piotrowski.NI-MIDI-InterfaceTests";
				PRODUCT_NAME = "$(TARGET_NAME)";
				SWIFT_VERSION = 5.0;
				TEST_HOST = "$(BUILT_PRODUCTS_DIR)/NI MIDI Interface.app/Contents/MacOS/NI MIDI Interface";
			};
			name = Release;
		};
		F043E107245A27CA0070C193 /* Debug */ = {
			isa = XCBuildConfiguration;
			baseConfigurationReference = 13560F53CF931DD036560744 /* Pods-NI MIDI InterfaceUITests.debug.xcconfig */;
			buildSettings = {
				ALWAYS_EMBED_SWIFT_STANDARD_LIBRARIES = YES;
				CODE_SIGN_STYLE = Automatic;
				COMBINE_HIDPI_IMAGES = YES;
				DEVELOPMENT_TEAM = 5Z7STG9PM4;
				INFOPLIST_FILE = "NI MIDI InterfaceUITests/Info.plist";
				LD_RUNPATH_SEARCH_PATHS = (
					"$(inherited)",
					"@executable_path/../Frameworks",
					"@loader_path/../Frameworks",
				);
				PRODUCT_BUNDLE_IDENTIFIER = "William-Piotrowski.NI-MIDI-InterfaceUITests";
				PRODUCT_NAME = "$(TARGET_NAME)";
				SWIFT_VERSION = 5.0;
				TEST_TARGET_NAME = "NI MIDI Interface";
			};
			name = Debug;
		};
		F043E108245A27CA0070C193 /* Release */ = {
			isa = XCBuildConfiguration;
			baseConfigurationReference = 88D0BFD7106E9CA7F3C2F7B9 /* Pods-NI MIDI InterfaceUITests.release.xcconfig */;
			buildSettings = {
				ALWAYS_EMBED_SWIFT_STANDARD_LIBRARIES = YES;
				CODE_SIGN_STYLE = Automatic;
				COMBINE_HIDPI_IMAGES = YES;
				DEVELOPMENT_TEAM = 5Z7STG9PM4;
				INFOPLIST_FILE = "NI MIDI InterfaceUITests/Info.plist";
				LD_RUNPATH_SEARCH_PATHS = (
					"$(inherited)",
					"@executable_path/../Frameworks",
					"@loader_path/../Frameworks",
				);
				PRODUCT_BUNDLE_IDENTIFIER = "William-Piotrowski.NI-MIDI-InterfaceUITests";
				PRODUCT_NAME = "$(TARGET_NAME)";
				SWIFT_VERSION = 5.0;
				TEST_TARGET_NAME = "NI MIDI Interface";
			};
			name = Release;
		};
/* End XCBuildConfiguration section */

/* Begin XCConfigurationList section */
		F043E0D5245A27C80070C193 /* Build configuration list for PBXProject "NI MIDI Interface" */ = {
			isa = XCConfigurationList;
			buildConfigurations = (
				F043E0FE245A27CA0070C193 /* Debug */,
				F043E0FF245A27CA0070C193 /* Release */,
			);
			defaultConfigurationIsVisible = 0;
			defaultConfigurationName = Release;
		};
		F043E100245A27CA0070C193 /* Build configuration list for PBXNativeTarget "NI MIDI Interface" */ = {
			isa = XCConfigurationList;
			buildConfigurations = (
				F043E101245A27CA0070C193 /* Debug */,
				F043E102245A27CA0070C193 /* Release */,
			);
			defaultConfigurationIsVisible = 0;
			defaultConfigurationName = Release;
		};
		F043E103245A27CA0070C193 /* Build configuration list for PBXNativeTarget "NI MIDI InterfaceTests" */ = {
			isa = XCConfigurationList;
			buildConfigurations = (
				F043E104245A27CA0070C193 /* Debug */,
				F043E105245A27CA0070C193 /* Release */,
			);
			defaultConfigurationIsVisible = 0;
			defaultConfigurationName = Release;
		};
		F043E106245A27CA0070C193 /* Build configuration list for PBXNativeTarget "NI MIDI InterfaceUITests" */ = {
			isa = XCConfigurationList;
			buildConfigurations = (
				F043E107245A27CA0070C193 /* Debug */,
				F043E108245A27CA0070C193 /* Release */,
			);
			defaultConfigurationIsVisible = 0;
			defaultConfigurationName = Release;
		};
/* End XCConfigurationList section */

/* Begin XCRemoteSwiftPackageReference section */
		632B31B1300D76F700442564 /* XCRemoteSwiftPackageReference "ReactiveSwift" */ = {
			isa = XCRemoteSwiftPackageReference;
			repositoryURL = "https://github.com/ReactiveCocoa/ReactiveSwift.git";
			requirement = {
				kind = upToNextMajorVersion;
				minimumVersion = 6.2.1;
			};
		};
/* End XCRemoteSwiftPackageReference section */

/* Begin XCSwiftPackageProductDependency section */
		632B31B2300D76F700442564 /* ReactiveSwift */ = {
			isa = XCSwiftPackageProductDependency;
			package = 632B31B1300D76F700442564 /* XCRemoteSwiftPackageReference "ReactiveSwift" */;
			productName = ReactiveSwift;
		};
/* End XCSwiftPackageProductDependency section */
	};
	rootObject = F043E0D2245A27C80070C193 /* Project object */;
}
